{
  "name": "@ofitodo/schema",
  "version": "0.1.0",
  "lockfileVersion": 3,
  "requires": true,
  "packages": {
    "": {
      "name": "@ofitodo/schema",
      "version": "0.1.0",
      "dependencies": {
        "zod": "^4.1.0"
      }
    },
    "node_modules/zod": {
      "version": "4.5.1",
      "resolved": "https://registry.npmjs.org/zod/-/zod-4.5.1.tgz",
      "integrity": "sha512-P3GqeAEOEDqKvafVGLezbg+39YW/ze4xrD4qdS0adOY8eoI3zfjv1PQM4UwQzgT8mZKXEbqtVt8K+ZKGqkMFKg==",
      "license": "MIT",
      "funding": {
        "url": "https://github.com/sponsors/colinhacks"
      }
    }
  }
}
